// !$*UTF8*$!
{
	archiveVersion = 1;
	classes = {
	};
	objectVersion = 50;
	objects = {

/* Begin PBXBuildFile section */
		A68F3EBB25CBF38700A611CF /* AppDelegate.swift in Sources */ = {isa = PBXBuildFile; fileRef = A68F3EBA25CBF38700A611CF /* AppDelegate.swift */; };
		A68F3EBD25CBF38700A611CF /* SceneDelegate.swift in Sources */ = {isa = PBXBuildFile; fileRef = A68F3EBC25CBF38700A611CF /* SceneDelegate.swift */; };
		A68F3EC225CBF38700A611CF /* Main.storyboard in Resources */ = {isa = PBXBuildFile; fileRef = A68F3EC025CBF38700A611CF /* Main.storyboard */; };
		A68F3EC425CBF38800A611CF /* Assets.xcassets in Resources */ = {isa = PBXBuildFile; fileRef = A68F3EC325CBF38800A611CF /* Assets.xcassets */; };
		A68F3EC725CBF38800A611CF /* LaunchScreen.storyboard in Resources */ = {isa = PBXBuildFile; fileRef = A68F3EC525CBF38800A611CF /* LaunchScreen.storyboard */; };
		A68F3ED225CBF38900A611CF /* AggregatorTests.swift in Sources */ = {isa = PBXBuildFile; fileRef = A68F3ED125CBF38900A611CF /* AggregatorTests.swift */; };
		A68F3EDD25CBF38900A611CF /* AggregatorUITests.swift in Sources */ = {isa = PBXBuildFile; fileRef = A68F3EDC25CBF38900A611CF /* AggregatorUITests.swift */; };
		A68F3EF225CBFAD100A611CF /* LoginViewController.swift in Sources */ = {isa = PBXBuildFile; fileRef = A68F3EF025CBFAD100A611CF /* LoginViewController.swift */; };
		A68F3EF325CBFAD100A611CF /* LoginViewController.xib in Resources */ = {isa = PBXBuildFile; fileRef = A68F3EF125CBFAD100A611CF /* LoginViewController.xib */; };
		A68F3EF825CC33FD00A611CF /* NewsViewController.swift in Sources */ = {isa = PBXBuildFile; fileRef = A68F3EF725CC33FD00A611CF /* NewsViewController.swift */; };
		A68F3EFD25CC342E00A611CF /* MessagesViewController.swift in Sources */ = {isa = PBXBuildFile; fileRef = A68F3EFC25CC342E00A611CF /* MessagesViewController.swift */; };
		A68F3F0225CC344600A611CF /* SettingsViewController.swift in Sources */ = {isa = PBXBuildFile; fileRef = A68F3F0125CC344600A611CF /* SettingsViewController.swift */; };
		A68F3F0D25CC3A2300A611CF /* NewsCollectionCell.xib in Resources */ = {isa = PBXBuildFile; fileRef = A68F3F0C25CC3A2300A611CF /* NewsCollectionCell.xib */; };
/* End PBXBuildFile section */

/* Begin PBXContainerItemProxy section */
		A68F3ECE25CBF38900A611CF /* PBXContainerItemProxy */ = {
			isa = PBXContainerItemProxy;
			containerPortal = A68F3EAF25CBF38700A611CF /* Project object */;
			proxyType = 1;
			remoteGlobalIDString = A68F3EB625CBF38700A611CF;
			remoteInfo = Aggregator;
		};
		A68F3ED925CBF38900A611CF /* PBXContainerItemProxy */ = {
			isa = PBXContainerItemProxy;
			containerPortal = A68F3EAF25CBF38700A611CF /* Project object */;
			proxyType = 1;
			remoteGlobalIDString = A68F3EB625CBF38700A611CF;
			remoteInfo = Aggregator;
		};
/* End PBXContainerItemProxy section */

/* Begin PBXFileReference section */
		A68F3EB725CBF38700A611CF /* Aggregator.app */ = {isa = PBXFileReference; explicitFileType = wrapper.application; includeInIndex = 0; path = Aggregator.app; sourceTree = BUILT_PRODUCTS_DIR; };
		A68F3EBA25CBF38700A611CF /* AppDelegate.swift */ = {isa = PBXFileReference; lastKnownFileType = sourcecode.swift; path = AppDelegate.swift; sourceTree = "<group>"; };
		A68F3EBC25CBF38700A611CF /* SceneDelegate.swift */ = {isa = PBXFileReference; lastKnownFileType = sourcecode.swift; path = SceneDelegate.swift; sourceTree = "<group>"; };
		A68F3EC125CBF38700A611CF /* Base */ = {isa = PBXFileReference; lastKnownFileType = file.storyboard; name = Base; path = Base.lproj/Main.storyboard; sourceTree = "<group>"; };
		A68F3EC325CBF38800A611CF /* Assets.xcassets */ = {isa = PBXFileReference; lastKnownFileType = folder.assetcatalog; path = Assets.xcassets; sourceTree = "<group>"; };
		A68F3EC625CBF38800A611CF /* Base */ = {isa = PBXFileReference; lastKnownFileType = file.storyboard; name = Base; path = Base.lproj/LaunchScreen.storyboard; sourceTree = "<group>"; };
		A68F3EC825CBF38800A611CF /* Info.plist */ = {isa = PBXFileReference; lastKnownFileType = text.plist.xml; path = Info.plist; sourceTree = "<group>"; };
		A68F3ECD25CBF38900A611CF /* AggregatorTests.xctest */ = {isa = PBXFileReference; explicitFileType = wrapper.cfbundle; includeInIndex = 0; path = AggregatorTests.xctest; sourceTree = BUILT_PRODUCTS_DIR; };
		A68F3ED125CBF38900A611CF /* AggregatorTests.swift */ = {isa = PBXFileReference; lastKnownFileType = sourcecode.swift; path = AggregatorTests.swift; sourceTree = "<group>"; };
		A68F3ED325CBF38900A611CF /* Info.plist */ = {isa = PBXFileReference; lastKnownFileType = text.plist.xml; path = Info.plist; sourceTree = "<group>"; };
		A68F3ED825CBF38900A611CF /* AggregatorUITests.xctest */ = {isa = PBXFileReference; explicitFileType = wrapper.cfbundle; includeInIndex = 0; path = AggregatorUITests.xctest; sourceTree = BUILT_PRODUCTS_DIR; };
		A68F3EDC25CBF38900A611CF /* AggregatorUITests.swift */ = {isa = PBXFileReference; lastKnownFileType = sourcecode.swift; path = AggregatorUITests.swift; sourceTree = "<group>"; };
		A68F3EDE25CBF38900A611CF /* Info.plist */ = {isa = PBXFileReference; lastKnownFileType = text.plist.xml; path = Info.plist; sourceTree = "<group>"; };
		A68F3EF025CBFAD100A611CF /* LoginViewController.swift */ = {isa = PBXFileReference; lastKnownFileType = sourcecode.swift; path = LoginViewController.swift; sourceTree = "<group>"; };
		A68F3EF125CBFAD100A611CF /* LoginViewController.xib */ = {isa = PBXFileReference; lastKnownFileType = file.xib; path = LoginViewController.xib; sourceTree = "<group>"; };
		A68F3EF725CC33FD00A611CF /* NewsViewController.swift */ = {isa = PBXFileReference; lastKnownFileType = sourcecode.swift; path = NewsViewController.swift; sourceTree = "<group>"; };
		A68F3EFC25CC342E00A611CF /* MessagesViewController.swift */ = {isa = PBXFileReference; lastKnownFileType = sourcecode.swift; path = MessagesViewController.swift; sourceTree = "<group>"; };
		A68F3F0125CC344600A611CF /* SettingsViewController.swift */ = {isa = PBXFileReference; lastKnownFileType = sourcecode.swift; path = SettingsViewController.swift; sourceTree = "<group>"; };
		A68F3F0C25CC3A2300A611CF /* NewsCollectionCell.xib */ = {isa = PBXFileReference; lastKnownFileType = file.xib; path = NewsCollectionCell.xib; sourceTree = "<group>"; };
/* End PBXFileReference section */

/* Begin PBXFrameworksBuildPhase section */
		A68F3EB425CBF38700A611CF /* Frameworks */ = {
			isa = PBXFrameworksBuildPhase;
			buildActionMask = 2147483647;
			files = (
			);
			runOnlyForDeploymentPostprocessing = 0;
		};
		A68F3ECA25CBF38900A611CF /* Frameworks */ = {
			isa = PBXFrameworksBuildPhase;
			buildActionMask = 2147483647;
			files = (
			);
			runOnlyForDeploymentPostprocessing = 0;
		};
		A68F3ED525CBF38900A611CF /* Frameworks */ = {
			isa = PBXFrameworksBuildPhase;
			buildActionMask = 2147483647;
			files = (
			);
			runOnlyForDeploymentPostprocessing = 0;
		};
/* End PBXFrameworksBuildPhase section */

/* Begin PBXGroup section */
		A68F3EAE25CBF38700A611CF = {
			isa = PBXGroup;
			children = (
				A68F3EB925CBF38700A611CF /* Aggregator */,
				A68F3ED025CBF38900A611CF /* AggregatorTests */,
				A68F3EDB25CBF38900A611CF /* AggregatorUITests */,
				A68F3EB825CBF38700A611CF /* Products */,
			);
			sourceTree = "<group>";
		};
		A68F3EB825CBF38700A611CF /* Products */ = {
			isa = PBXGroup;
			children = (
				A68F3EB725CBF38700A611CF /* Aggregator.app */,
				A68F3ECD25CBF38900A611CF /* AggregatorTests.xctest */,
				A68F3ED825CBF38900A611CF /* AggregatorUITests.xctest */,
			);
			name = Products;
			sourceTree = "<group>";
		};
		A68F3EB925CBF38700A611CF /* Aggregator */ = {
			isa = PBXGroup;
			children = (
				A68F3F1125CC3A4F00A611CF /* Login */,
				A68F3F0B25CC3A0C00A611CF /* News */,
				A68F3EBA25CBF38700A611CF /* AppDelegate.swift */,
				A68F3EBC25CBF38700A611CF /* SceneDelegate.swift */,
				A68F3EC025CBF38700A611CF /* Main.storyboard */,
				A68F3EC325CBF38800A611CF /* Assets.xcassets */,
				A68F3EC525CBF38800A611CF /* LaunchScreen.storyboard */,
				A68F3EC825CBF38800A611CF /* Info.plist */,
				A68F3EFC25CC342E00A611CF /* MessagesViewController.swift */,
				A68F3F0125CC344600A611CF /* SettingsViewController.swift */,
			);
			path = Aggregator;
			sourceTree = "<group>";
		};
		A68F3ED025CBF38900A611CF /* AggregatorTests */ = {
			isa = PBXGroup;
			children = (
				A68F3ED125CBF38900A611CF /* AggregatorTests.swift */,
				A68F3ED325CBF38900A611CF /* Info.plist */,
			);
			path = AggregatorTests;
			sourceTree = "<group>";
		};
		A68F3EDB25CBF38900A611CF /* AggregatorUITests */ = {
			isa = PBXGroup;
			children = (
				A68F3EDC25CBF38900A611CF /* AggregatorUITests.swift */,
				A68F3EDE25CBF38900A611CF /* Info.plist */,
			);
			path = AggregatorUITests;
			sourceTree = "<group>";
		};
		A68F3F0B25CC3A0C00A611CF /* News */ = {
			isa = PBXGroup;
			children = (
				A68F3EF725CC33FD00A611CF /* NewsViewController.swift */,
				A68F3F0C25CC3A2300A611CF /* NewsCollectionCell.xib */,
			);
			path = News;
			sourceTree = "<group>";
		};
		A68F3F1125CC3A4F00A611CF /* Login */ = {
			isa = PBXGroup;
			children = (
				A68F3EF025CBFAD100A611CF /* LoginViewController.swift */,
				A68F3EF125CBFAD100A611CF /* LoginViewController.xib */,
			);
			path = Login;
			sourceTree = "<group>";
		};
/* End PBXGroup section */

/* Begin PBXNativeTarget section */
		A68F3EB625CBF38700A611CF /* Aggregator */ = {
			isa = PBXNativeTarget;
			buildConfigurationList = A68F3EE125CBF38900A611CF /* Build configuration list for PBXNativeTarget "Aggregator" */;
			buildPhases = (
				A68F3EB325CBF38700A611CF /* Sources */,
				A68F3EB425CBF38700A611CF /* Frameworks */,
				A68F3EB525CBF38700A611CF /* Resources */,
			);
			buildRules = (
			);
			dependencies = (
			);
			name = Aggregator;
			productName = Aggregator;
			productReference = A68F3EB725CBF38700A611CF /* Aggregator.app */;
			productType = "com.apple.product-type.application";
		};
		A68F3ECC25CBF38900A611CF /* AggregatorTests */ = {
			isa = PBXNativeTarget;
			buildConfigurationList = A68F3EE425CBF38900A611CF /* Build configuration list for PBXNativeTarget "AggregatorTests" */;
			buildPhases = (
				A68F3EC925CBF38900A611CF /* Sources */,
				A68F3ECA25CBF38900A611CF /* Frameworks */,
				A68F3ECB25CBF38900A611CF /* Resources */,
			);
			buildRules = (
			);
			dependencies = (
				A68F3ECF25CBF38900A611CF /* PBXTargetDependency */,
			);
			name = AggregatorTests;
			productName = AggregatorTests;
			productReference = A68F3ECD25CBF38900A611CF /* AggregatorTests.xctest */;
			productType = "com.apple.product-type.bundle.unit-test";
		};
		A68F3ED725CBF38900A611CF /* AggregatorUITests */ = {
			isa = PBXNativeTarget;
			buildConfigurationList = A68F3EE725CBF38900A611CF /* Build configuration list for PBXNativeTarget "AggregatorUITests" */;
			buildPhases = (
				A68F3ED425CBF38900A611CF /* Sources */,
				A68F3ED525CBF38900A611CF /* Frameworks */,
				A68F3ED625CBF38900A611CF /* Resources */,
			);
			buildRules = (
			);
			dependencies = (
				A68F3EDA25CBF38900A611CF /* PBXTargetDependency */,
			);
			name = AggregatorUITests;
			productName = AggregatorUITests;
			productReference = A68F3ED825CBF38900A611CF /* AggregatorUITests.xctest */;
			productType = "com.apple.product-type.bundle.ui-testing";
		};
/* End PBXNativeTarget section */

/* Begin PBXProject section */
		A68F3EAF25CBF38700A611CF /* Project object */ = {
			isa = PBXProject;
			attributes = {
				LastSwiftUpdateCheck = 1240;
				LastUpgradeCheck = 1240;
				TargetAttributes = {
					A68F3EB625CBF38700A611CF = {
						CreatedOnToolsVersion = 12.4;
					};
					A68F3ECC25CBF38900A611CF = {
						CreatedOnToolsVersion = 12.4;
						TestTargetID = A68F3EB625CBF38700A611CF;
					};
					A68F3ED725CBF38900A611CF = {
						CreatedOnToolsVersion = 12.4;
						TestTargetID = A68F3EB625CBF38700A611CF;
					};
				};
			};
			buildConfigurationList = A68F3EB225CBF38700A611CF /* Build configuration list for PBXProject "Aggregator" */;
			compatibilityVersion = "Xcode 9.3";
			developmentRegion = en;
			hasScannedForEncodings = 0;
			knownRegions = (
				en,
				Base,
			);
			mainGroup = A68F3EAE25CBF38700A611CF;
			productRefGroup = A68F3EB825CBF38700A611CF /* Products */;
			projectDirPath = "";
			projectRoot = "";
			targets = (
				A68F3EB625CBF38700A611CF /* Aggregator */,
				A68F3ECC25CBF38900A611CF /* AggregatorTests */,
				A68F3ED725CBF38900A611CF /* AggregatorUITests */,
			);
		};
/* End PBXProject section */

/* Begin PBXResourcesBuildPhase section */
		A68F3EB525CBF38700A611CF /* Resources */ = {
			isa = PBXResourcesBuildPhase;
			buildActionMask = 2147483647;
			files = (
				A68F3EF325CBFAD100A611CF /* LoginViewController.xib in Resources */,
				A68F3F0D25CC3A2300A611CF /* NewsCollectionCell.xib in Resources */,
				A68F3EC725CBF38800A611CF /* LaunchScreen.storyboard in Resources */,
				A68F3EC425CBF38800A611CF /* Assets.xcassets in Resources */,
				A68F3EC225CBF38700A611CF /* Main.storyboard in Resources */,
			);
			runOnlyForDeploymentPostprocessing = 0;
		};
		A68F3ECB25CBF38900A611CF /* Resources */ = {
			isa = PBXResourcesBuildPhase;
			buildActionMask = 2147483647;
			files = (
			);
			runOnlyForDeploymentPostprocessing = 0;
		};
		A68F3ED625CBF38900A611CF /* Resources */ = {
			isa = PBXResourcesBuildPhase;
			buildActionMask = 2147483647;
			files = (
			);
			runOnlyForDeploymentPostprocessing = 0;
		};
/* End PBXResourcesBuildPhase section */

/* Begin PBXSourcesBuildPhase section */
		A68F3EB325CBF38700A611CF /* Sources */ = {
			isa = PBXSourcesBuildPhase;
			buildActionMask = 2147483647;
			files = (
				A68F3EFD25CC342E00A611CF /* MessagesViewController.swift in Sources */,
				A68F3EF225CBFAD100A611CF /* LoginViewController.swift in Sources */,
				A68F3F0225CC344600A611CF /* SettingsViewController.swift in Sources */,
				A68F3EBB25CBF38700A611CF /* AppDelegate.swift in Sources */,
				A68F3EF825CC33FD00A611CF /* NewsViewController.swift in Sources */,
				A68F3EBD25CBF38700A611CF /* SceneDelegate.swift in Sources */,
			);
			runOnlyForDeploymentPostprocessing = 0;
		};
		A68F3EC925CBF38900A611CF /* Sources */ = {
			isa = PBXSourcesBuildPhase;
			buildActionMask = 2147483647;
			files = (
				A68F3ED225CBF38900A611CF /* AggregatorTests.swift in Sources */,
			);
			runOnlyForDeploymentPostprocessing = 0;
		};
		A68F3ED425CBF38900A611CF /* Sources */ = {
			isa = PBXSourcesBuildPhase;
			buildActionMask = 2147483647;
			files = (
				A68F3EDD25CBF38900A611CF /* AggregatorUITests.swift in Sources */,
			);
			runOnlyForDeploymentPostprocessing = 0;
		};
/* End PBXSourcesBuildPhase section */

/* Begin PBXTargetDependency section */
		A68F3ECF25CBF38900A611CF /* PBXTargetDependency */ = {
			isa = PBXTargetDependency;
			target = A68F3EB625CBF38700A611CF /* Aggregator */;
			targetProxy = A68F3ECE25CBF38900A611CF /* PBXContainerItemProxy */;
		};
		A68F3EDA25CBF38900A611CF /* PBXTargetDependency */ = {
			isa = PBXTargetDependency;
			target = A68F3EB625CBF38700A611CF /* Aggregator */;
			targetProxy = A68F3ED925CBF38900A611CF /* PBXContainerItemProxy */;
		};
/* End PBXTargetDependency section */

/* Begin PBXVariantGroup section */
		A68F3EC025CBF38700A611CF /* Main.storyboard */ = {
			isa = PBXVariantGroup;
			children = (
				A68F3EC125CBF38700A611CF /* Base */,
			);
			name = Main.storyboard;
			sourceTree = "<group>";
		};
		A68F3EC525CBF38800A611CF /* LaunchScreen.storyboard */ = {
			isa = PBXVariantGroup;
			children = (
				A68F3EC625CBF38800A611CF /* Base */,
			);
			name = LaunchScreen.storyboard;
			sourceTree = "<group>";
		};
/* End PBXVariantGroup section */

/* Begin XCBuildConfiguration section */
		A68F3EDF25CBF38900A611CF /* Debug */ = {
			isa = XCBuildConfiguration;
			buildSettings = {
				ALWAYS_SEARCH_USER_PATHS = NO;
				CLANG_ANALYZER_NONNULL = YES;
				CLANG_ANALYZER_NUMBER_OBJECT_CONVERSION = YES_AGGRESSIVE;
				CLANG_CXX_LANGUAGE_STANDARD = "gnu++14";
				CLANG_CXX_LIBRARY = "libc++";
				CLANG_ENABLE_MODULES = YES;
				CLANG_ENABLE_OBJC_ARC = YES;
				CLANG_ENABLE_OBJC_WEAK = YES;
				CLANG_WARN_BLOCK_CAPTURE_AUTORELEASING = YES;
				CLANG_WARN_BOOL_CONVERSION = YES;
				CLANG_WARN_COMMA = YES;
				CLANG_WARN_CONSTANT_CONVERSION = YES;
				CLANG_WARN_DEPRECATED_OBJC_IMPLEMENTATIONS = YES;
				CLANG_WARN_DIRECT_OBJC_ISA_USAGE = YES_ERROR;
				CLANG_WARN_DOCUMENTATION_COMMENTS = YES;
				CLANG_WARN_EMPTY_BODY = YES;
				CLANG_WARN_ENUM_CONVERSION = YES;
				CLANG_WARN_INFINITE_RECURSION = YES;
				CLANG_WARN_INT_CONVERSION = YES;
				CLANG_WARN_NON_LITERAL_NULL_CONVERSION = YES;
				CLANG_WARN_OBJC_IMPLICIT_RETAIN_SELF = YES;
				CLANG_WARN_OBJC_LITERAL_CONVERSION = YES;
				CLANG_WARN_OBJC_ROOT_CLASS = YES_ERROR;
				CLANG_WARN_QUOTED_INCLUDE_IN_FRAMEWORK_HEADER = YES;
				CLANG_WARN_RANGE_LOOP_ANALYSIS = YES;
				CLANG_WARN_STRICT_PROTOTYPES = YES;
				CLANG_WARN_SUSPICIOUS_MOVE = YES;
				CLANG_WARN_UNGUARDED_AVAILABILITY = YES_AGGRESSIVE;
				CLANG_WARN_UNREACHABLE_CODE = YES;
				CLANG_WARN__DUPLICATE_METHOD_MATCH = YES;
				COPY_PHASE_STRIP = NO;
				DEBUG_INFORMATION_FORMAT = dwarf;
				ENABLE_STRICT_OBJC_MSGSEND = YES;
				ENABLE_TESTABILITY = YES;
				GCC_C_LANGUAGE_STANDARD = gnu11;
				GCC_DYNAMIC_NO_PIC = NO;
				GCC_NO_COMMON_BLOCKS = YES;
				GCC_OPTIMIZATION_LEVEL = 0;
				GCC_PREPROCESSOR_DEFINITIONS = (
					"DEBUG=1",
					"$(inherited)",
				);
				GCC_WARN_64_TO_32_BIT_CONVERSION = YES;
				GCC_WARN_ABOUT_RETURN_TYPE = YES_ERROR;
				GCC_WARN_UNDECLARED_SELECTOR = YES;
				GCC_WARN_UNINITIALIZED_AUTOS = YES_AGGRESSIVE;
				GCC_WARN_UNUSED_FUNCTION = YES;
				GCC_WARN_UNUSED_VARIABLE = YES;
				IPHONEOS_DEPLOYMENT_TARGET = 14.4;
				MTL_ENABLE_DEBUG_INFO = INCLUDE_SOURCE;
				MTL_FAST_MATH = YES;
				ONLY_ACTIVE_ARCH = YES;
				SDKROOT = iphoneos;
				SWIFT_ACTIVE_COMPILATION_CONDITIONS = DEBUG;
				SWIFT_OPTIMIZATION_LEVEL = "-Onone";
			};
			name = Debug;
		};
		A68F3EE025CBF38900A611CF /* Release */ = {
			isa = XCBuildConfiguration;
			buildSettings = {
				ALWAYS_SEARCH_USER_PATHS = NO;
				CLANG_ANALYZER_NONNULL = YES;
				CLANG_ANALYZER_NUMBER_OBJECT_CONVERSION = YES_AGGRESSIVE;
				CLANG_CXX_LANGUAGE_STANDARD = "gnu++14";
				CLANG_CXX_LIBRARY = "libc++";
				CLANG_ENABLE_MODULES = YES;
				CLANG_ENABLE_OBJC_ARC = YES;
				CLANG_ENABLE_OBJC_WEAK = YES;
				CLANG_WARN_BLOCK_CAPTURE_AUTORELEASING = YES;
				CLANG_WARN_BOOL_CONVERSION = YES;
				CLANG_WARN_COMMA = YES;
				CLANG_WARN_CONSTANT_CONVERSION = YES;
				CLANG_WARN_DEPRECATED_OBJC_IMPLEMENTATIONS = YES;
				CLANG_WARN_DIRECT_OBJC_ISA_USAGE = YES_ERROR;
				CLANG_WARN_DOCUMENTATION_COMMENTS = YES;
				CLANG_WARN_EMPTY_BODY = YES;
				CLANG_WARN_ENUM_CONVERSION = YES;
				CLANG_WARN_INFINITE_RECURSION = YES;
				CLANG_WARN_INT_CONVERSION = YES;
				CLANG_WARN_NON_LITERAL_NULL_CONVERSION = YES;
				CLANG_WARN_OBJC_IMPLICIT_RETAIN_SELF = YES;
				CLANG_WARN_OBJC_LITERAL_CONVERSION = YES;
				CLANG_WARN_OBJC_ROOT_CLASS = YES_ERROR;
				CLANG_WARN_QUOTED_INCLUDE_IN_FRAMEWORK_HEADER = YES;
				CLANG_WARN_RANGE_LOOP_ANALYSIS = YES;
				CLANG_WARN_STRICT_PROTOTYPES = YES;
				CLANG_WARN_SUSPICIOUS_MOVE = YES;
				CLANG_WARN_UNGUARDED_AVAILABILITY = YES_AGGRESSIVE;
				CLANG_WARN_UNREACHABLE_CODE = YES;
				CLANG_WARN__DUPLICATE_METHOD_MATCH = YES;
				COPY_PHASE_STRIP = NO;
				DEBUG_INFORMATION_FORMAT = "dwarf-with-dsym";
				ENABLE_NS_ASSERTIONS = NO;
				ENABLE_STRICT_OBJC_MSGSEND = YES;
				GCC_C_LANGUAGE_STANDARD = gnu11;
				GCC_NO_COMMON_BLOCKS = YES;
				GCC_WARN_64_TO_32_BIT_CONVERSION = YES;
				GCC_WARN_ABOUT_RETURN_TYPE = YES_ERROR;
				GCC_WARN_UNDECLARED_SELECTOR = YES;
				GCC_WARN_UNINITIALIZED_AUTOS = YES_AGGRESSIVE;
				GCC_WARN_UNUSED_FUNCTION = YES;
				GCC_WARN_UNUSED_VARIABLE = YES;
				IPHONEOS_DEPLOYMENT_TARGET = 14.4;
				MTL_ENABLE_DEBUG_INFO = NO;
				MTL_FAST_MATH = YES;
				SDKROOT = iphoneos;
				SWIFT_COMPILATION_MODE = wholemodule;
				SWIFT_OPTIMIZATION_LEVEL = "-O";
				VALIDATE_PRODUCT = YES;
			};
			name = Release;
		};
		A68F3EE225CBF38900A611CF /* Debug */ = {
			isa = XCBuildConfiguration;
			buildSettings = {
				ASSETCATALOG_COMPILER_APPICON_NAME = AppIcon;
				ASSETCATALOG_COMPILER_GLOBAL_ACCENT_COLOR_NAME = AccentColor;
				CODE_SIGN_STYLE = Automatic;
				DEVELOPMENT_TEAM = 4LT66343UC;
				INFOPLIST_FILE = Aggregator/Info.plist;
				IPHONEOS_DEPLOYMENT_TARGET = 11.0;
				LD_RUNPATH_SEARCH_PATHS = (
					"$(inherited)",
					"@executable_path/Frameworks",
				);
				PRODUCT_BUNDLE_IDENTIFIER = seryogasx.Aggregator;
				PRODUCT_NAME = "$(TARGET_NAME)";
				SWIFT_VERSION = 5.0;
				TARGETED_DEVICE_FAMILY = "1,2";
			};
			name = Debug;
		};
		A68F3EE325CBF38900A611CF /* Release */ = {
			isa = XCBuildConfiguration;
			buildSettings = {
				ASSETCATALOG_COMPILER_APPICON_NAME = AppIcon;
				ASSETCATALOG_COMPILER_GLOBAL_ACCENT_COLOR_NAME = AccentColor;
				CODE_SIGN_STYLE = Automatic;
				DEVELOPMENT_TEAM = 4LT66343UC;
				INFOPLIST_FILE = Aggregator/Info.plist;
				IPHONEOS_DEPLOYMENT_TARGET = 11.0;
				LD_RUNPATH_SEARCH_PATHS = (
					"$(inherited)",
					"@executable_path/Frameworks",
				);
				PRODUCT_BUNDLE_IDENTIFIER = seryogasx.Aggregator;
				PRODUCT_NAME = "$(TARGET_NAME)";
				SWIFT_VERSION = 5.0;
				TARGETED_DEVICE_FAMILY = "1,2";
			};
			name = Release;
		};
		A68F3EE525CBF38900A611CF /* Debug */ = {
			isa = XCBuildConfiguration;
			buildSettings = {
				ALWAYS_EMBED_SWIFT_STANDARD_LIBRARIES = YES;
				BUNDLE_LOADER = "$(TEST_HOST)";
				CODE_SIGN_STYLE = Automatic;
				DEVELOPMENT_TEAM = 4LT66343UC;
				INFOPLIST_FILE = AggregatorTests/Info.plist;
				IPHONEOS_DEPLOYMENT_TARGET = 14.4;
				LD_RUNPATH_SEARCH_PATHS = (
					"$(inherited)",
					"@executable_path/Frameworks",
					"@loader_path/Frameworks",
				);
				PRODUCT_BUNDLE_IDENTIFIER = seryogasx.AggregatorTests;
				PRODUCT_NAME = "$(TARGET_NAME)";
				SWIFT_VERSION = 5.0;
				TARGETED_DEVICE_FAMILY = "1,2";
				TEST_HOST = "$(BUILT_PRODUCTS_DIR)/Aggregator.app/Aggregator";
			};
			name = Debug;
		};
		A68F3EE625CBF38900A611CF /* Release */ = {
			isa = XCBuildConfiguration;
			buildSettings = {
				ALWAYS_EMBED_SWIFT_STANDARD_LIBRARIES = YES;
				BUNDLE_LOADER = "$(TEST_HOST)";
				CODE_SIGN_STYLE = Automatic;
				DEVELOPMENT_TEAM = 4LT66343UC;
				INFOPLIST_FILE = AggregatorTests/Info.plist;
				IPHONEOS_DEPLOYMENT_TARGET = 14.4;
				LD_RUNPATH_SEARCH_PATHS = (
					"$(inherited)",
					"@executable_path/Frameworks",
					"@loader_path/Frameworks",
				);
				PRODUCT_BUNDLE_IDENTIFIER = seryogasx.AggregatorTests;
				PRODUCT_NAME = "$(TARGET_NAME)";
				SWIFT_VERSION = 5.0;
				TARGETED_DEVICE_FAMILY = "1,2";
				TEST_HOST = "$(BUILT_PRODUCTS_DIR)/Aggregator.app/Aggregator";
			};
			name = Release;
		};
		A68F3EE825CBF38900A611CF /* Debug */ = {
			isa = XCBuildConfiguration;
			buildSettings = {
				ALWAYS_EMBED_SWIFT_STANDARD_LIBRARIES = YES;
				CODE_SIGN_STYLE = Automatic;
				DEVELOPMENT_TEAM = 4LT66343UC;
				INFOPLIST_FILE = AggregatorUITests/Info.plist;
				LD_RUNPATH_SEARCH_PATHS = (
					"$(inherited)",
					"@executable_path/Frameworks",
					"@loader_path/Frameworks",
				);
				PRODUCT_BUNDLE_IDENTIFIER = seryogasx.AggregatorUITests;
				PRODUCT_NAME = "$(TARGET_NAME)";
				SWIFT_VERSION = 5.0;
				TARGETED_DEVICE_FAMILY = "1,2";
				TEST_TARGET_NAME = Aggregator;
			};
			name = Debug;
		};
		A68F3EE925CBF38900A611CF /* Release */ = {
			isa = XCBuildConfiguration;
			buildSettings = {
				ALWAYS_EMBED_SWIFT_STANDARD_LIBRARIES = YES;
				CODE_SIGN_STYLE = Automatic;
				DEVELOPMENT_TEAM = 4LT66343UC;
				INFOPLIST_FILE = AggregatorUITests/Info.plist;
				LD_RUNPATH_SEARCH_PATHS = (
					"$(inherited)",
					"@executable_path/Frameworks",
					"@loader_path/Frameworks",
				);
				PRODUCT_BUNDLE_IDENTIFIER = seryogasx.AggregatorUITests;
				PRODUCT_NAME = "$(TARGET_NAME)";
				SWIFT_VERSION = 5.0;
				TARGETED_DEVICE_FAMILY = "1,2";
				TEST_TARGET_NAME = Aggregator;
			};
			name = Release;
		};
/* End XCBuildConfiguration section */

/* Begin XCConfigurationList section */
		A68F3EB225CBF38700A611CF /* Build configuration list for PBXProject "Aggregator" */ = {
			isa = XCConfigurationList;
			buildConfigurations = (
				A68F3EDF25CBF38900A611CF /* Debug */,
				A68F3EE025CBF38900A611CF /* Release */,
			);
			defaultConfigurationIsVisible = 0;
			defaultConfigurationName = Release;
		};
		A68F3EE125CBF38900A611CF /* Build configuration list for PBXNativeTarget "Aggregator" */ = {
			isa = XCConfigurationList;
			buildConfigurations = (
				A68F3EE225CBF38900A611CF /* Debug */,
				A68F3EE325CBF38900A611CF /* Release */,
			);
			defaultConfigurationIsVisible = 0;
			defaultConfigurationName = Release;
		};
		A68F3EE425CBF38900A611CF /* Build configuration list for PBXNativeTarget "AggregatorTests" */ = {
			isa = XCConfigurationList;
			buildConfigurations = (
				A68F3EE525CBF38900A611CF /* Debug */,
				A68F3EE625CBF38900A611CF /* Release */,
			);
			defaultConfigurationIsVisible = 0;
			defaultConfigurationName = Release;
		};
		A68F3EE725CBF38900A611CF /* Build configuration list for PBXNativeTarget "AggregatorUITests" */ = {
			isa = XCConfigurationList;
			buildConfigurations = (
				A68F3EE825CBF38900A611CF /* Debug */,
				A68F3EE925CBF38900A611CF /* Release */,
			);
			defaultConfigurationIsVisible = 0;
			defaultConfigurationName = Release;
		};
/* End XCConfigurationList section */
	};
	rootObject = A68F3EAF25CBF38700A611CF /* Project object */;
}
